Microsoft Visual Studio Solution File, Format Version 12.00
# Visual Studio Version 17
VisualStudioVersion = 17.5.2.0
MinimumVisualStudioVersion = 10.0.40219.1
Project("{FAE04EC0-301F-11D3-BF4B-00C04F79EFBC}") = "dia02", "dia02.csproj", "{22609CEE-47D0-41C6-08FC-0D233FE220D4}"
EndProject
Global
	GlobalSection(SolutionConfigurationPlatforms) = preSolution
		Debug|Any CPU = Debug|Any CPU
		Release|Any CPU = Release|Any CPU
	EndGlobalSection
	GlobalSection(ProjectConfigurationPlatforms) = postSolution
		{22609CEE-47D0-41C6-08FC-0D233FE220D4}.Debug|Any CPU.ActiveCfg = Debug|Any CPU
		{22609CEE-47D0-41C6-08FC-0D233FE220D4}.Debug|Any CPU.Build.0 = Debug|Any CPU
		{22609CEE-47D0-41C6-08FC-0D233FE220D4}.Release|Any CPU.ActiveCfg = Release|Any CPU
		{22609CEE-47D0-41C6-08FC-0D233FE220D4}.Release|Any CPU.Build.0 = Release|Any CPU
	EndGlobalSection
	GlobalSection(SolutionProperties) = preSolution
		HideSolutionNode = FALSE
	EndGlobalSection
	GlobalSection(ExtensibilityGlobals) = postSolution
		SolutionGuid = {0E1F00A4-C1EE-43A1-8263-35BF9837FBF5}
	EndGlobalSection
EndGlobal
